// !$*UTF8*$!
{
	archiveVersion = 1;
	classes = {
	};
	objectVersion = 46;
	objects = {

/* Begin PBXBuildFile section */
		5D0067881EE9DCE30064DED4 /* AppDelegate.swift in Sources */ = {isa = PBXBuildFile; fileRef = 5D0067871EE9DCE30064DED4 /* AppDelegate.swift */; };
		5D00678A1EE9DCE30064DED4 /* ViewController.swift in Sources */ = {isa = PBXBuildFile; fileRef = 5D0067891EE9DCE30064DED4 /* ViewController.swift */; };
		5D00678D1EE9DCE30064DED4 /* Main.storyboard in Resources */ = {isa = PBXBuildFile; fileRef = 5D00678B1EE9DCE30064DED4 /* Main.storyboard */; };
		5D0067901EE9DCE30064DED4 /* Xperience.xcdatamodeld in Sources */ = {isa = PBXBuildFile; fileRef = 5D00678E1EE9DCE30064DED4 /* Xperience.xcdatamodeld */; };
		5D0067921EE9DCE30064DED4 /* Assets.xcassets in Resources */ = {isa = PBXBuildFile; fileRef = 5D0067911EE9DCE30064DED4 /* Assets.xcassets */; };
		5D0067951EE9DCE30064DED4 /* LaunchScreen.storyboard in Resources */ = {isa = PBXBuildFile; fileRef = 5D0067931EE9DCE30064DED4 /* LaunchScreen.storyboard */; };
		5D0067A01EE9DCE30064DED4 /* XperienceTests.swift in Sources */ = {isa = PBXBuildFile; fileRef = 5D00679F1EE9DCE30064DED4 /* XperienceTests.swift */; };
		5D0067AB1EE9DCE30064DED4 /* XperienceUITests.swift in Sources */ = {isa = PBXBuildFile; fileRef = 5D0067AA1EE9DCE30064DED4 /* XperienceUITests.swift */; };
		5D6951491EEB418900BEFA2A /* SignUpViewController.swift in Sources */ = {isa = PBXBuildFile; fileRef = 5D6951481EEB418900BEFA2A /* SignUpViewController.swift */; };
		5D69514C1EEB41E900BEFA2A /* ExploreViewController.swift in Sources */ = {isa = PBXBuildFile; fileRef = 5D69514B1EEB41E900BEFA2A /* ExploreViewController.swift */; };
		5D6951521EEB436600BEFA2A /* ProfileViewController.swift in Sources */ = {isa = PBXBuildFile; fileRef = 5D6951511EEB436600BEFA2A /* ProfileViewController.swift */; };
		5D6951541EEB438400BEFA2A /* InboxViewController.swift in Sources */ = {isa = PBXBuildFile; fileRef = 5D6951531EEB438400BEFA2A /* InboxViewController.swift */; };
		5D6951561EEB439B00BEFA2A /* TripViewController.swift in Sources */ = {isa = PBXBuildFile; fileRef = 5D6951551EEB439B00BEFA2A /* TripViewController.swift */; };
		5D6951581EEB43AB00BEFA2A /* SavedViewController.swift in Sources */ = {isa = PBXBuildFile; fileRef = 5D6951571EEB43AB00BEFA2A /* SavedViewController.swift */; };
		5DD221131EF4F4C2005DDC70 /* ExploreExperienceCollectionViewCell.swift in Sources */ = {isa = PBXBuildFile; fileRef = 5DD221121EF4F4C2005DDC70 /* ExploreExperienceCollectionViewCell.swift */; };
/* End PBXBuildFile section */

/* Begin PBXContainerItemProxy section */
		5D00679C1EE9DCE30064DED4 /* PBXContainerItemProxy */ = {
			isa = PBXContainerItemProxy;
			containerPortal = 5D00677C1EE9DCE30064DED4 /* Project object */;
			proxyType = 1;
			remoteGlobalIDString = 5D0067831EE9DCE30064DED4;
			remoteInfo = Xperience;
		};
		5D0067A71EE9DCE30064DED4 /* PBXContainerItemProxy */ = {
			isa = PBXContainerItemProxy;
			containerPortal = 5D00677C1EE9DCE30064DED4 /* Project object */;
			proxyType = 1;
			remoteGlobalIDString = 5D0067831EE9DCE30064DED4;
			remoteInfo = Xperience;
		};
/* End PBXContainerItemProxy section */

/* Begin PBXCopyFilesBuildPhase section */
		5DAD79561EF30A8C00304274 /* Embed Frameworks */ = {
			isa = PBXCopyFilesBuildPhase;
			buildActionMask = 2147483647;
			dstPath = "";
			dstSubfolderSpec = 10;
			files = (
			);
			name = "Embed Frameworks";
			runOnlyForDeploymentPostprocessing = 0;
		};
/* End PBXCopyFilesBuildPhase section */

/* Begin PBXFileReference section */
		5D0067841EE9DCE30064DED4 /* Xperience.app */ = {isa = PBXFileReference; explicitFileType = wrapper.application; includeInIndex = 0; path = Xperience.app; sourceTree = BUILT_PRODUCTS_DIR; };
		5D0067871EE9DCE30064DED4 /* AppDelegate.swift */ = {isa = PBXFileReference; lastKnownFileType = sourcecode.swift; path = AppDelegate.swift; sourceTree = "<group>"; };
		5D0067891EE9DCE30064DED4 /* ViewController.swift */ = {isa = PBXFileReference; lastKnownFileType = sourcecode.swift; path = ViewController.swift; sourceTree = "<group>"; };
		5D00678C1EE9DCE30064DED4 /* Base */ = {isa = PBXFileReference; lastKnownFileType = file.storyboard; name = Base; path = Base.lproj/Main.storyboard; sourceTree = "<group>"; };
		5D00678F1EE9DCE30064DED4 /* Xperience.xcdatamodel */ = {isa = PBXFileReference; lastKnownFileType = wrapper.xcdatamodel; path = Xperience.xcdatamodel; sourceTree = "<group>"; };
		5D0067911EE9DCE30064DED4 /* Assets.xcassets */ = {isa = PBXFileReference; lastKnownFileType = folder.assetcatalog; path = Assets.xcassets; sourceTree = "<group>"; };
		5D0067941EE9DCE30064DED4 /* Base */ = {isa = PBXFileReference; lastKnownFileType = file.storyboard; name = Base; path = Base.lproj/LaunchScreen.storyboard; sourceTree = "<group>"; };
		5D0067961EE9DCE30064DED4 /* Info.plist */ = {isa = PBXFileReference; lastKnownFileType = text.plist.xml; path = Info.plist; sourceTree = "<group>"; };
		5D00679B1EE9DCE30064DED4 /* XperienceTests.xctest */ = {isa = PBXFileReference; explicitFileType = wrapper.cfbundle; includeInIndex = 0; path = XperienceTests.xctest; sourceTree = BUILT_PRODUCTS_DIR; };
		5D00679F1EE9DCE30064DED4 /* XperienceTests.swift */ = {isa = PBXFileReference; lastKnownFileType = sourcecode.swift; path = XperienceTests.swift; sourceTree = "<group>"; };
		5D0067A11EE9DCE30064DED4 /* Info.plist */ = {isa = PBXFileReference; lastKnownFileType = text.plist.xml; path = Info.plist; sourceTree = "<group>"; };
		5D0067A61EE9DCE30064DED4 /* XperienceUITests.xctest */ = {isa = PBXFileReference; explicitFileType = wrapper.cfbundle; includeInIndex = 0; path = XperienceUITests.xctest; sourceTree = BUILT_PRODUCTS_DIR; };
		5D0067AA1EE9DCE30064DED4 /* XperienceUITests.swift */ = {isa = PBXFileReference; lastKnownFileType = sourcecode.swift; path = XperienceUITests.swift; sourceTree = "<group>"; };
		5D0067AC1EE9DCE30064DED4 /* Info.plist */ = {isa = PBXFileReference; lastKnownFileType = text.plist.xml; path = Info.plist; sourceTree = "<group>"; };
		5D6951481EEB418900BEFA2A /* SignUpViewController.swift */ = {isa = PBXFileReference; fileEncoding = 4; lastKnownFileType = sourcecode.swift; path = SignUpViewController.swift; sourceTree = "<group>"; };
		5D69514B1EEB41E900BEFA2A /* ExploreViewController.swift */ = {isa = PBXFileReference; fileEncoding = 4; lastKnownFileType = sourcecode.swift; name = ExploreViewController.swift; path = Explore/ExploreViewController.swift; sourceTree = "<group>"; };
		5D6951511EEB436600BEFA2A /* ProfileViewController.swift */ = {isa = PBXFileReference; fileEncoding = 4; lastKnownFileType = sourcecode.swift; name = ProfileViewController.swift; path = Profile/ProfileViewController.swift; sourceTree = "<group>"; };
		5D6951531EEB438400BEFA2A /* InboxViewController.swift */ = {isa = PBXFileReference; fileEncoding = 4; lastKnownFileType = sourcecode.swift; name = InboxViewController.swift; path = Inbox/InboxViewController.swift; sourceTree = "<group>"; };
		5D6951551EEB439B00BEFA2A /* TripViewController.swift */ = {isa = PBXFileReference; fileEncoding = 4; lastKnownFileType = sourcecode.swift; name = TripViewController.swift; path = Trip/TripViewController.swift; sourceTree = "<group>"; };
		5D6951571EEB43AB00BEFA2A /* SavedViewController.swift */ = {isa = PBXFileReference; fileEncoding = 4; lastKnownFileType = sourcecode.swift; name = SavedViewController.swift; path = Saved/SavedViewController.swift; sourceTree = "<group>"; };
		5DD221121EF4F4C2005DDC70 /* ExploreExperienceCollectionViewCell.swift */ = {isa = PBXFileReference; fileEncoding = 4; lastKnownFileType = sourcecode.swift; name = ExploreExperienceCollectionViewCell.swift; path = Explore/ExploreExperienceCollectionViewCell.swift; sourceTree = "<group>"; };
/* End PBXFileReference section */

/* Begin PBXFrameworksBuildPhase section */
		5D0067811EE9DCE30064DED4 /* Frameworks */ = {
			isa = PBXFrameworksBuildPhase;
			buildActionMask = 2147483647;
			files = (
			);
			runOnlyForDeploymentPostprocessing = 0;
		};
		5D0067981EE9DCE30064DED4 /* Frameworks */ = {
			isa = PBXFrameworksBuildPhase;
			buildActionMask = 2147483647;
			files = (
			);
			runOnlyForDeploymentPostprocessing = 0;
		};
		5D0067A31EE9DCE30064DED4 /* Frameworks */ = {
			isa = PBXFrameworksBuildPhase;
			buildActionMask = 2147483647;
			files = (
			);
			runOnlyForDeploymentPostprocessing = 0;
		};
/* End PBXFrameworksBuildPhase section */

/* Begin PBXGroup section */
		5D00677B1EE9DCE30064DED4 = {
			isa = PBXGroup;
			children = (
				5D0067861EE9DCE30064DED4 /* Xperience */,
				5D00679E1EE9DCE30064DED4 /* XperienceTests */,
				5D0067A91EE9DCE30064DED4 /* XperienceUITests */,
				5D0067851EE9DCE30064DED4 /* Products */,
				DAD9D7FC637E7022C8E9676E /* Frameworks */,
			);
			sourceTree = "<group>";
		};
		5D0067851EE9DCE30064DED4 /* Products */ = {
			isa = PBXGroup;
			children = (
				5D0067841EE9DCE30064DED4 /* Xperience.app */,
				5D00679B1EE9DCE30064DED4 /* XperienceTests.xctest */,
				5D0067A61EE9DCE30064DED4 /* XperienceUITests.xctest */,
			);
			name = Products;
			sourceTree = "<group>";
		};
		5D0067861EE9DCE30064DED4 /* Xperience */ = {
			isa = PBXGroup;
			children = (
				5D6951501EEB433D00BEFA2A /* Profile */,
				5D69514F1EEB433500BEFA2A /* Inbox */,
				5D69514E1EEB432E00BEFA2A /* Trip */,
				5D69514D1EEB431900BEFA2A /* Saved */,
				5D69514A1EEB41C200BEFA2A /* Explore */,
				5D0067871EE9DCE30064DED4 /* AppDelegate.swift */,
				5D0067891EE9DCE30064DED4 /* ViewController.swift */,
				5D00678B1EE9DCE30064DED4 /* Main.storyboard */,
				5D6951481EEB418900BEFA2A /* SignUpViewController.swift */,
				5D0067911EE9DCE30064DED4 /* Assets.xcassets */,
				5D0067931EE9DCE30064DED4 /* LaunchScreen.storyboard */,
				5D0067961EE9DCE30064DED4 /* Info.plist */,
				5D00678E1EE9DCE30064DED4 /* Xperience.xcdatamodeld */,
			);
			path = Xperience;
			sourceTree = "<group>";
		};
		5D00679E1EE9DCE30064DED4 /* XperienceTests */ = {
			isa = PBXGroup;
			children = (
				5D00679F1EE9DCE30064DED4 /* XperienceTests.swift */,
				5D0067A11EE9DCE30064DED4 /* Info.plist */,
			);
			path = XperienceTests;
			sourceTree = "<group>";
		};
		5D0067A91EE9DCE30064DED4 /* XperienceUITests */ = {
			isa = PBXGroup;
			children = (
				5D0067AA1EE9DCE30064DED4 /* XperienceUITests.swift */,
				5D0067AC1EE9DCE30064DED4 /* Info.plist */,
			);
			path = XperienceUITests;
			sourceTree = "<group>";
		};
		5D69514A1EEB41C200BEFA2A /* Explore */ = {
			isa = PBXGroup;
			children = (
				5D69514B1EEB41E900BEFA2A /* ExploreViewController.swift */,
				5DD221121EF4F4C2005DDC70 /* ExploreExperienceCollectionViewCell.swift */,
			);
			name = Explore;
			sourceTree = "<group>";
		};
		5D69514D1EEB431900BEFA2A /* Saved */ = {
			isa = PBXGroup;
			children = (
				5D6951571EEB43AB00BEFA2A /* SavedViewController.swift */,
			);
			name = Saved;
			sourceTree = "<group>";
		};
		5D69514E1EEB432E00BEFA2A /* Trip */ = {
			isa = PBXGroup;
			children = (
				5D6951551EEB439B00BEFA2A /* TripViewController.swift */,
			);
			name = Trip;
			sourceTree = "<group>";
		};
		5D69514F1EEB433500BEFA2A /* Inbox */ = {
			isa = PBXGroup;
			children = (
				5D6951531EEB438400BEFA2A /* InboxViewController.swift */,
			);
			name = Inbox;
			sourceTree = "<group>";
		};
		5D6951501EEB433D00BEFA2A /* Profile */ = {
			isa = PBXGroup;
			children = (
				5D6951511EEB436600BEFA2A /* ProfileViewController.swift */,
			);
			name = Profile;
			sourceTree = "<group>";
		};
		DAD9D7FC637E7022C8E9676E /* Frameworks */ = {
			isa = PBXGroup;
			children = (
			);
			name = Frameworks;
			sourceTree = "<group>";
		};
/* End PBXGroup section */

/* Begin PBXNativeTarget section */
		5D0067831EE9DCE30064DED4 /* Xperience */ = {
			isa = PBXNativeTarget;
			buildConfigurationList = 5D0067AF1EE9DCE30064DED4 /* Build configuration list for PBXNativeTarget "Xperience" */;
			buildPhases = (
				5D0067801EE9DCE30064DED4 /* Sources */,
				5D0067811EE9DCE30064DED4 /* Frameworks */,
				5D0067821EE9DCE30064DED4 /* Resources */,
				5DAD79561EF30A8C00304274 /* Embed Frameworks */,
			);
			buildRules = (
			);
			dependencies = (
			);
			name = Xperience;
			productName = Xperience;
			productReference = 5D0067841EE9DCE30064DED4 /* Xperience.app */;
			productType = "com.apple.product-type.application";
		};
		5D00679A1EE9DCE30064DED4 /* XperienceTests */ = {
			isa = PBXNativeTarget;
			buildConfigurationList = 5D0067B21EE9DCE30064DED4 /* Build configuration list for PBXNativeTarget "XperienceTests" */;
			buildPhases = (
				C326712DE888CB12F75B77B2 /* [CP] Check Pods Manifest.lock */,
				5D0067971EE9DCE30064DED4 /* Sources */,
				5D0067981EE9DCE30064DED4 /* Frameworks */,
				5D0067991EE9DCE30064DED4 /* Resources */,
				FCD7B4D484C07F933F6BC9BD /* [CP] Embed Pods Frameworks */,
				68BA5B71219017E87AE80AF0 /* [CP] Copy Pods Resources */,
			);
			buildRules = (
			);
			dependencies = (
				5D00679D1EE9DCE30064DED4 /* PBXTargetDependency */,
			);
			name = XperienceTests;
			productName = XperienceTests;
			productReference = 5D00679B1EE9DCE30064DED4 /* XperienceTests.xctest */;
			productType = "com.apple.product-type.bundle.unit-test";
		};
		5D0067A51EE9DCE30064DED4 /* XperienceUITests */ = {
			isa = PBXNativeTarget;
			buildConfigurationList = 5D0067B51EE9DCE30064DED4 /* Build configuration list for PBXNativeTarget "XperienceUITests" */;
			buildPhases = (
				7586DE6DF187953B42F61F03 /* [CP] Check Pods Manifest.lock */,
				5D0067A21EE9DCE30064DED4 /* Sources */,
				5D0067A31EE9DCE30064DED4 /* Frameworks */,
				5D0067A41EE9DCE30064DED4 /* Resources */,
				9A02DB7E53AC8420860FF410 /* [CP] Embed Pods Frameworks */,
				589309FB06DA160A0D750844 /* [CP] Copy Pods Resources */,
			);
			buildRules = (
			);
			dependencies = (
				5D0067A81EE9DCE30064DED4 /* PBXTargetDependency */,
			);
			name = XperienceUITests;
			productName = XperienceUITests;
			productReference = 5D0067A61EE9DCE30064DED4 /* XperienceUITests.xctest */;
			productType = "com.apple.product-type.bundle.ui-testing";
		};
/* End PBXNativeTarget section */

/* Begin PBXProject section */
		5D00677C1EE9DCE30064DED4 /* Project object */ = {
			isa = PBXProject;
			attributes = {
				LastSwiftUpdateCheck = 0830;
				LastUpgradeCheck = 0830;
				ORGANIZATIONNAME = Xperience;
				TargetAttributes = {
					5D0067831EE9DCE30064DED4 = {
						CreatedOnToolsVersion = 8.3.3;
						DevelopmentTeam = VQZZG48E5C;
						ProvisioningStyle = Automatic;
					};
					5D00679A1EE9DCE30064DED4 = {
						CreatedOnToolsVersion = 8.3.3;
						DevelopmentTeam = VQZZG48E5C;
						ProvisioningStyle = Automatic;
						TestTargetID = 5D0067831EE9DCE30064DED4;
					};
					5D0067A51EE9DCE30064DED4 = {
						CreatedOnToolsVersion = 8.3.3;
						DevelopmentTeam = VQZZG48E5C;
						ProvisioningStyle = Automatic;
						TestTargetID = 5D0067831EE9DCE30064DED4;
					};
				};
			};
			buildConfigurationList = 5D00677F1EE9DCE30064DED4 /* Build configuration list for PBXProject "Xperience" */;
			compatibilityVersion = "Xcode 3.2";
			developmentRegion = English;
			hasScannedForEncodings = 0;
			knownRegions = (
				en,
				Base,
			);
			mainGroup = 5D00677B1EE9DCE30064DED4;
			productRefGroup = 5D0067851EE9DCE30064DED4 /* Products */;
			projectDirPath = "";
			projectRoot = "";
			targets = (
				5D0067831EE9DCE30064DED4 /* Xperience */,
				5D00679A1EE9DCE30064DED4 /* XperienceTests */,
				5D0067A51EE9DCE30064DED4 /* XperienceUITests */,
			);
		};
/* End PBXProject section */

/* Begin PBXResourcesBuildPhase section */
		5D0067821EE9DCE30064DED4 /* Resources */ = {
			isa = PBXResourcesBuildPhase;
			buildActionMask = 2147483647;
			files = (
				5D0067951EE9DCE30064DED4 /* LaunchScreen.storyboard in Resources */,
				5D0067921EE9DCE30064DED4 /* Assets.xcassets in Resources */,
				5D00678D1EE9DCE30064DED4 /* Main.storyboard in Resources */,
			);
			runOnlyForDeploymentPostprocessing = 0;
		};
		5D0067991EE9DCE30064DED4 /* Resources */ = {
			isa = PBXResourcesBuildPhase;
			buildActionMask = 2147483647;
			files = (
			);
			runOnlyForDeploymentPostprocessing = 0;
		};
		5D0067A41EE9DCE30064DED4 /* Resources */ = {
			isa = PBXResourcesBuildPhase;
			buildActionMask = 2147483647;
			files = (
			);
			runOnlyForDeploymentPostprocessing = 0;
		};
/* End PBXResourcesBuildPhase section */

/* Begin PBXShellScriptBuildPhase section */
		589309FB06DA160A0D750844 /* [CP] Copy Pods Resources */ = {
			isa = PBXShellScriptBuildPhase;
			buildActionMask = 2147483647;
			files = (
			);
			inputPaths = (
			);
			name = "[CP] Copy Pods Resources";
			outputPaths = (
			);
			runOnlyForDeploymentPostprocessing = 0;
			shellPath = /bin/sh;
			shellScript = "\"${SRCROOT}/Pods/Target Support Files/Pods-XperienceUITests/Pods-XperienceUITests-resources.sh\"\n";
			showEnvVarsInLog = 0;
		};
		68BA5B71219017E87AE80AF0 /* [CP] Copy Pods Resources */ = {
			isa = PBXShellScriptBuildPhase;
			buildActionMask = 2147483647;
			files = (
			);
			inputPaths = (
			);
			name = "[CP] Copy Pods Resources";
			outputPaths = (
			);
			runOnlyForDeploymentPostprocessing = 0;
			shellPath = /bin/sh;
			shellScript = "\"${SRCROOT}/Pods/Target Support Files/Pods-XperienceTests/Pods-XperienceTests-resources.sh\"\n";
			showEnvVarsInLog = 0;
		};
		7586DE6DF187953B42F61F03 /* [CP] Check Pods Manifest.lock */ = {
			isa = PBXShellScriptBuildPhase;
			buildActionMask = 2147483647;
			files = (
			);
			inputPaths = (
			);
			name = "[CP] Check Pods Manifest.lock";
			outputPaths = (
			);
			runOnlyForDeploymentPostprocessing = 0;
			shellPath = /bin/sh;
			shellScript = "diff \"${PODS_PODFILE_DIR_PATH}/Podfile.lock\" \"${PODS_ROOT}/Manifest.lock\" > /dev/null\nif [ $? != 0 ] ; then\n    # print error to STDERR\n    echo \"error: The sandbox is not in sync with the Podfile.lock. Run 'pod install' or update your CocoaPods installation.\" >&2\n    exit 1\nfi\n";
			showEnvVarsInLog = 0;
		};
		9A02DB7E53AC8420860FF410 /* [CP] Embed Pods Frameworks */ = {
			isa = PBXShellScriptBuildPhase;
			buildActionMask = 2147483647;
			files = (
			);
			inputPaths = (
			);
			name = "[CP] Embed Pods Frameworks";
			outputPaths = (
			);
			runOnlyForDeploymentPostprocessing = 0;
			shellPath = /bin/sh;
			shellScript = "\"${SRCROOT}/Pods/Target Support Files/Pods-XperienceUITests/Pods-XperienceUITests-frameworks.sh\"\n";
			showEnvVarsInLog = 0;
		};
		C326712DE888CB12F75B77B2 /* [CP] Check Pods Manifest.lock */ = {
			isa = PBXShellScriptBuildPhase;
			buildActionMask = 2147483647;
			files = (
			);
			inputPaths = (
			);
			name = "[CP] Check Pods Manifest.lock";
			outputPaths = (
			);
			runOnlyForDeploymentPostprocessing = 0;
			shellPath = /bin/sh;
			shellScript = "diff \"${PODS_PODFILE_DIR_PATH}/Podfile.lock\" \"${PODS_ROOT}/Manifest.lock\" > /dev/null\nif [ $? != 0 ] ; then\n    # print error to STDERR\n    echo \"error: The sandbox is not in sync with the Podfile.lock. Run 'pod install' or update your CocoaPods installation.\" >&2\n    exit 1\nfi\n";
			showEnvVarsInLog = 0;
		};
		FCD7B4D484C07F933F6BC9BD /* [CP] Embed Pods Frameworks */ = {
			isa = PBXShellScriptBuildPhase;
			buildActionMask = 2147483647;
			files = (
			);
			inputPaths = (
			);
			name = "[CP] Embed Pods Frameworks";
			outputPaths = (
			);
			runOnlyForDeploymentPostprocessing = 0;
			shellPath = /bin/sh;
			shellScript = "\"${SRCROOT}/Pods/Target Support Files/Pods-XperienceTests/Pods-XperienceTests-frameworks.sh\"\n";
			showEnvVarsInLog = 0;
		};
/* End PBXShellScriptBuildPhase section */

/* Begin PBXSourcesBuildPhase section */
		5D0067801EE9DCE30064DED4 /* Sources */ = {
			isa = PBXSourcesBuildPhase;
			buildActionMask = 2147483647;
			files = (
				5D6951541EEB438400BEFA2A /* InboxViewController.swift in Sources */,
				5D6951561EEB439B00BEFA2A /* TripViewController.swift in Sources */,
				5D6951521EEB436600BEFA2A /* ProfileViewController.swift in Sources */,
				5D6951581EEB43AB00BEFA2A /* SavedViewController.swift in Sources */,
				5DD221131EF4F4C2005DDC70 /* ExploreExperienceCollectionViewCell.swift in Sources */,
				5D00678A1EE9DCE30064DED4 /* ViewController.swift in Sources */,
				5D0067881EE9DCE30064DED4 /* AppDelegate.swift in Sources */,
				5D69514C1EEB41E900BEFA2A /* ExploreViewController.swift in Sources */,
				5D6951491EEB418900BEFA2A /* SignUpViewController.swift in Sources */,
				5D0067901EE9DCE30064DED4 /* Xperience.xcdatamodeld in Sources */,
			);
			runOnlyForDeploymentPostprocessing = 0;
		};
		5D0067971EE9DCE30064DED4 /* Sources */ = {
			isa = PBXSourcesBuildPhase;
			buildActionMask = 2147483647;
			files = (
				5D0067A01EE9DCE30064DED4 /* XperienceTests.swift in Sources */,
			);
			runOnlyForDeploymentPostprocessing = 0;
		};
		5D0067A21EE9DCE30064DED4 /* Sources */ = {
			isa = PBXSourcesBuildPhase;
			buildActionMask = 2147483647;
			files = (
				5D0067AB1EE9DCE30064DED4 /* XperienceUITests.swift in Sources */,
			);
			runOnlyForDeploymentPostprocessing = 0;
		};
/* End PBXSourcesBuildPhase section */

/* Begin PBXTargetDependency section */
		5D00679D1EE9DCE30064DED4 /* PBXTargetDependency */ = {
			isa = PBXTargetDependency;
			target = 5D0067831EE9DCE30064DED4 /* Xperience */;
			targetProxy = 5D00679C1EE9DCE30064DED4 /* PBXContainerItemProxy */;
		};
		5D0067A81EE9DCE30064DED4 /* PBXTargetDependency */ = {
			isa = PBXTargetDependency;
			target = 5D0067831EE9DCE30064DED4 /* Xperience */;
			targetProxy = 5D0067A71EE9DCE30064DED4 /* PBXContainerItemProxy */;
		};
/* End PBXTargetDependency section */

/* Begin PBXVariantGroup section */
		5D00678B1EE9DCE30064DED4 /* Main.storyboard */ = {
			isa = PBXVariantGroup;
			children = (
				5D00678C1EE9DCE30064DED4 /* Base */,
			);
			name = Main.storyboard;
			sourceTree = "<group>";
		};
		5D0067931EE9DCE30064DED4 /* LaunchScreen.storyboard */ = {
			isa = PBXVariantGroup;
			children = (
				5D0067941EE9DCE30064DED4 /* Base */,
			);
			name = LaunchScreen.storyboard;
			sourceTree = "<group>";
		};
/* End PBXVariantGroup section */

/* Begin XCBuildConfiguration section */
		5D0067AD1EE9DCE30064DED4 /* Debug */ = {
			isa = XCBuildConfiguration;
			buildSettings = {
				ALWAYS_SEARCH_USER_PATHS = NO;
				CLANG_ANALYZER_NONNULL = YES;
				CLANG_ANALYZER_NUMBER_OBJECT_CONVERSION = YES_AGGRESSIVE;
				CLANG_CXX_LANGUAGE_STANDARD = "gnu++0x";
				CLANG_CXX_LIBRARY = "libc++";
				CLANG_ENABLE_MODULES = YES;
				CLANG_ENABLE_OBJC_ARC = YES;
				CLANG_WARN_BOOL_CONVERSION = YES;
				CLANG_WARN_CONSTANT_CONVERSION = YES;
				CLANG_WARN_DIRECT_OBJC_ISA_USAGE = YES_ERROR;
				CLANG_WARN_DOCUMENTATION_COMMENTS = YES;
				CLANG_WARN_EMPTY_BODY = YES;
				CLANG_WARN_ENUM_CONVERSION = YES;
				CLANG_WARN_INFINITE_RECURSION = YES;
				CLANG_WARN_INT_CONVERSION = YES;
				CLANG_WARN_OBJC_ROOT_CLASS = YES_ERROR;
				CLANG_WARN_SUSPICIOUS_MOVE = YES;
				CLANG_WARN_UNREACHABLE_CODE = YES;
				CLANG_WARN__DUPLICATE_METHOD_MATCH = YES;
				"CODE_SIGN_IDENTITY[sdk=iphoneos*]" = "iPhone Developer";
				COPY_PHASE_STRIP = NO;
				DEBUG_INFORMATION_FORMAT = dwarf;
				ENABLE_STRICT_OBJC_MSGSEND = YES;
				ENABLE_TESTABILITY = YES;
				GCC_C_LANGUAGE_STANDARD = gnu99;
				GCC_DYNAMIC_NO_PIC = NO;
				GCC_NO_COMMON_BLOCKS = YES;
				GCC_OPTIMIZATION_LEVEL = 0;
				GCC_PREPROCESSOR_DEFINITIONS = (
					"DEBUG=1",
					"$(inherited)",
				);
				GCC_WARN_64_TO_32_BIT_CONVERSION = YES;
				GCC_WARN_ABOUT_RETURN_TYPE = YES_ERROR;
				GCC_WARN_UNDECLARED_SELECTOR = YES;
				GCC_WARN_UNINITIALIZED_AUTOS = YES_AGGRESSIVE;
				GCC_WARN_UNUSED_FUNCTION = YES;
				GCC_WARN_UNUSED_VARIABLE = YES;
				IPHONEOS_DEPLOYMENT_TARGET = 10.3;
				MTL_ENABLE_DEBUG_INFO = YES;
				ONLY_ACTIVE_ARCH = YES;
				SDKROOT = iphoneos;
				SWIFT_ACTIVE_COMPILATION_CONDITIONS = DEBUG;
				SWIFT_OPTIMIZATION_LEVEL = "-Onone";
				TARGETED_DEVICE_FAMILY = "1,2";
			};
			name = Debug;
		};
		5D0067AE1EE9DCE30064DED4 /* Release */ = {
			isa = XCBuildConfiguration;
			buildSettings = {
				ALWAYS_SEARCH_USER_PATHS = NO;
				CLANG_ANALYZER_NONNULL = YES;
				CLANG_ANALYZER_NUMBER_OBJECT_CONVERSION = YES_AGGRESSIVE;
				CLANG_CXX_LANGUAGE_STANDARD = "gnu++0x";
				CLANG_CXX_LIBRARY = "libc++";
				CLANG_ENABLE_MODULES = YES;
				CLANG_ENABLE_OBJC_ARC = YES;
				CLANG_WARN_BOOL_CONVERSION = YES;
				CLANG_WARN_CONSTANT_CONVERSION = YES;
				CLANG_WARN_DIRECT_OBJC_ISA_USAGE = YES_ERROR;
				CLANG_WARN_DOCUMENTATION_COMMENTS = YES;
				CLANG_WARN_EMPTY_BODY = YES;
				CLANG_WARN_ENUM_CONVERSION = YES;
				CLANG_WARN_INFINITE_RECURSION = YES;
				CLANG_WARN_INT_CONVERSION = YES;
				CLANG_WARN_OBJC_ROOT_CLASS = YES_ERROR;
				CLANG_WARN_SUSPICIOUS_MOVE = YES;
				CLANG_WARN_UNREACHABLE_CODE = YES;
				CLANG_WARN__DUPLICATE_METHOD_MATCH = YES;
				"CODE_SIGN_IDENTITY[sdk=iphoneos*]" = "iPhone Developer";
				COPY_PHASE_STRIP = NO;
				DEBUG_INFORMATION_FORMAT = "dwarf-with-dsym";
				ENABLE_NS_ASSERTIONS = NO;
				ENABLE_STRICT_OBJC_MSGSEND = YES;
				GCC_C_LANGUAGE_STANDARD = gnu99;
				GCC_NO_COMMON_BLOCKS = YES;
				GCC_WARN_64_TO_32_BIT_CONVERSION = YES;
				GCC_WARN_ABOUT_RETURN_TYPE = YES_ERROR;
				GCC_WARN_UNDECLARED_SELECTOR = YES;
				GCC_WARN_UNINITIALIZED_AUTOS = YES_AGGRESSIVE;
				GCC_WARN_UNUSED_FUNCTION = YES;
				GCC_WARN_UNUSED_VARIABLE = YES;
				IPHONEOS_DEPLOYMENT_TARGET = 10.3;
				MTL_ENABLE_DEBUG_INFO = NO;
				SDKROOT = iphoneos;
				SWIFT_OPTIMIZATION_LEVEL = "-Owholemodule";
				TARGETED_DEVICE_FAMILY = "1,2";
				VALIDATE_PRODUCT = YES;
			};
			name = Release;
		};
		5D0067B01EE9DCE30064DED4 /* Debug */ = {
			isa = XCBuildConfiguration;
			buildSettings = {
				ASSETCATALOG_COMPILER_APPICON_NAME = AppIcon;
				DEVELOPMENT_TEAM = VQZZG48E5C;
				FRAMEWORK_SEARCH_PATHS = (
					"$(inherited)",
					"$(PROJECT_DIR)/Sdk/Aws",
					"$(PROJECT_DIR)/AmazonAws",
				);
				INFOPLIST_FILE = Xperience/Info.plist;
				LD_RUNPATH_SEARCH_PATHS = "$(inherited) @executable_path/Frameworks";
				PRODUCT_BUNDLE_IDENTIFIER = com.XperienceChina;
				PRODUCT_NAME = "$(TARGET_NAME)";
				SWIFT_VERSION = 3.0;
			};
			name = Debug;
		};
		5D0067B11EE9DCE30064DED4 /* Release */ = {
			isa = XCBuildConfiguration;
			buildSettings = {
				ASSETCATALOG_COMPILER_APPICON_NAME = AppIcon;
				DEVELOPMENT_TEAM = VQZZG48E5C;
				FRAMEWORK_SEARCH_PATHS = (
					"$(inherited)",
					"$(PROJECT_DIR)/Sdk/Aws",
					"$(PROJECT_DIR)/AmazonAws",
				);
				INFOPLIST_FILE = Xperience/Info.plist;
				LD_RUNPATH_SEARCH_PATHS = "$(inherited) @executable_path/Frameworks";
				PRODUCT_BUNDLE_IDENTIFIER = com.XperienceChina;
				PRODUCT_NAME = "$(TARGET_NAME)";
				SWIFT_VERSION = 3.0;
			};
			name = Release;
		};
		5D0067B31EE9DCE30064DED4 /* Debug */ = {
			isa = XCBuildConfiguration;
			buildSettings = {
				ALWAYS_EMBED_SWIFT_STANDARD_LIBRARIES = YES;
				BUNDLE_LOADER = "$(TEST_HOST)";
				DEVELOPMENT_TEAM = VQZZG48E5C;
				INFOPLIST_FILE = XperienceTests/Info.plist;
				LD_RUNPATH_SEARCH_PATHS = "$(inherited) @executable_path/Frameworks @loader_path/Frameworks";
				PRODUCT_BUNDLE_IDENTIFIER = com.XperienceTests;
				PRODUCT_NAME = "$(TARGET_NAME)";
				SWIFT_VERSION = 3.0;
				TEST_HOST = "$(BUILT_PRODUCTS_DIR)/Xperience.app/Xperience";
			};
			name = Debug;
		};
		5D0067B41EE9DCE30064DED4 /* Release */ = {
			isa = XCBuildConfiguration;
			buildSettings = {
				ALWAYS_EMBED_SWIFT_STANDARD_LIBRARIES = YES;
				BUNDLE_LOADER = "$(TEST_HOST)";
				DEVELOPMENT_TEAM = VQZZG48E5C;
				INFOPLIST_FILE = XperienceTests/Info.plist;
				LD_RUNPATH_SEARCH_PATHS = "$(inherited) @executable_path/Frameworks @loader_path/Frameworks";
				PRODUCT_BUNDLE_IDENTIFIER = com.XperienceTests;
				PRODUCT_NAME = "$(TARGET_NAME)";
				SWIFT_VERSION = 3.0;
				TEST_HOST = "$(BUILT_PRODUCTS_DIR)/Xperience.app/Xperience";
			};
			name = Release;
		};
		5D0067B61EE9DCE30064DED4 /* Debug */ = {
			isa = XCBuildConfiguration;
			buildSettings = {
				ALWAYS_EMBED_SWIFT_STANDARD_LIBRARIES = YES;
				DEVELOPMENT_TEAM = VQZZG48E5C;
				INFOPLIST_FILE = XperienceUITests/Info.plist;
				LD_RUNPATH_SEARCH_PATHS = "$(inherited) @executable_path/Frameworks @loader_path/Frameworks";
				PRODUCT_BUNDLE_IDENTIFIER = com.XperienceUITests;
				PRODUCT_NAME = "$(TARGET_NAME)";
				SWIFT_VERSION = 3.0;
				TEST_TARGET_NAME = Xperience;
			};
			name = Debug;
		};
		5D0067B71EE9DCE30064DED4 /* Release */ = {
			isa = XCBuildConfiguration;
			buildSettings = {
				ALWAYS_EMBED_SWIFT_STANDARD_LIBRARIES = YES;
				DEVELOPMENT_TEAM = VQZZG48E5C;
				INFOPLIST_FILE = XperienceUITests/Info.plist;
				LD_RUNPATH_SEARCH_PATHS = "$(inherited) @executable_path/Frameworks @loader_path/Frameworks";
				PRODUCT_BUNDLE_IDENTIFIER = com.XperienceUITests;
				PRODUCT_NAME = "$(TARGET_NAME)";
				SWIFT_VERSION = 3.0;
				TEST_TARGET_NAME = Xperience;
			};
			name = Release;
		};
/* End XCBuildConfiguration section */

/* Begin XCConfigurationList section */
		5D00677F1EE9DCE30064DED4 /* Build configuration list for PBXProject "Xperience" */ = {
			isa = XCConfigurationList;
			buildConfigurations = (
				5D0067AD1EE9DCE30064DED4 /* Debug */,
				5D0067AE1EE9DCE30064DED4 /* Release */,
			);
			defaultConfigurationIsVisible = 0;
			defaultConfigurationName = Release;
		};
		5D0067AF1EE9DCE30064DED4 /* Build configuration list for PBXNativeTarget "Xperience" */ = {
			isa = XCConfigurationList;
			buildConfigurations = (
				5D0067B01EE9DCE30064DED4 /* Debug */,
				5D0067B11EE9DCE30064DED4 /* Release */,
			);
			defaultConfigurationIsVisible = 0;
			defaultConfigurationName = Release;
		};
		5D0067B21EE9DCE30064DED4 /* Build configuration list for PBXNativeTarget "XperienceTests" */ = {
			isa = XCConfigurationList;
			buildConfigurations = (
				5D0067B31EE9DCE30064DED4 /* Debug */,
				5D0067B41EE9DCE30064DED4 /* Release */,
			);
			defaultConfigurationIsVisible = 0;
			defaultConfigurationName = Release;
		};
		5D0067B51EE9DCE30064DED4 /* Build configuration list for PBXNativeTarget "XperienceUITests" */ = {
			isa = XCConfigurationList;
			buildConfigurations = (
				5D0067B61EE9DCE30064DED4 /* Debug */,
				5D0067B71EE9DCE30064DED4 /* Release */,
			);
			defaultConfigurationIsVisible = 0;
			defaultConfigurationName = Release;
		};
/* End XCConfigurationList section */

/* Begin XCVersionGroup section */
		5D00678E1EE9DCE30064DED4 /* Xperience.xcdatamodeld */ = {
			isa = XCVersionGroup;
			children = (
				5D00678F1EE9DCE30064DED4 /* Xperience.xcdatamodel */,
			);
			currentVersion = 5D00678F1EE9DCE30064DED4 /* Xperience.xcdatamodel */;
			path = Xperience.xcdatamodeld;
			sourceTree = "<group>";
			versionGroupType = wrapper.xcdatamodel;
		};
/* End XCVersionGroup section */
	};
	rootObject = 5D00677C1EE9DCE30064DED4 /* Project object */;
}
